[[package]]
name = "click"
version = "8.1.3"
description = "Composable command line interface toolkit"
category = "main"
optional = false
python-versions = ">=3.7"

[package.dependencies]
colorama = {version = "*", markers = "platform_system == \"Windows\""}

[[package]]
name = "colorama"
version = "0.4.6"
description = "Cross-platform colored terminal text."
category = "main"
optional = false
python-versions = "!=3.0.*,!=3.1.*,!=3.2.*,!=3.3.*,!=3.4.*,!=3.5.*,!=3.6.*,>=2.7"

[[package]]
name = "gcd"
version = "0.1.0"
description = "greatest common divisor"
category = "main"
optional = false
python-versions = "*"

[package.dependencies]
Click = ">=6.0"

[metadata]
lock-version = "1.1"
python-versions = "^3.8"
content-hash = "fbaec8adec1fb6c05e99eafd465659252ff8ffcd0390eb65ca70639ad85523d9"

[metadata.files]
click = []
colorama = []
gcd = []
